
Microsoft Visual Studio Solution File, Format Version 12.00
# Visual Studio Version 17
VisualStudioVersion = 17.14.36623.8 d17.14
MinimumVisualStudioVersion = 10.0.40219.1
Project("{FAE04EC0-301F-11D3-BF4B-00C04F79EFBC}") = "Personalregister", "Personalregister\Personalregister.csproj", "{36A9135F-DAAE-45C5-A272-8F25257920EE}"
EndProject
Global
	GlobalSection(SolutionConfigurationPlatforms) = preSolution
		Debug|Any CPU = Debug|Any CPU
		Release|Any CPU = Release|Any CPU
	EndGlobalSection
	GlobalSection(ProjectConfigurationPlatforms) = postSolution
		{36A9135F-DAAE-45C5-A272-8F25257920EE}.Debug|Any CPU.ActiveCfg = Debug|Any CPU
		{36A9135F-DAAE-45C5-A272-8F25257920EE}.Debug|Any CPU.Build.0 = Debug|Any CPU
		{36A9135F-DAAE-45C5-A272-8F25257920EE}.Release|Any CPU.ActiveCfg = Release|Any CPU
		{36A9135F-DAAE-45C5-A272-8F25257920EE}.Release|Any CPU.Build.0 = Release|Any CPU
	EndGlobalSection
	GlobalSection(SolutionProperties) = preSolution
		HideSolutionNode = FALSE
	EndGlobalSection
	GlobalSection(ExtensibilityGlobals) = postSolution
		SolutionGuid = {D82881DA-2B00-46F5-9507-1D7B268A42A7}
	EndGlobalSection
EndGlobal
